Microsoft Visual Studio Solution File, Format Version 12.00
# Visual Studio Version 16
VisualStudioVersion = 16.0.33801.447
MinimumVisualStudioVersion = 10.0.40219.1
Project("{FAE04EC0-301F-11D3-BF4B-00C04F79EFBC}") = "WingtipToys.Web", "WingtipToys.Web\WingtipToys.Web.csproj", "{7135447F-F86F-4B87-B5EF-21DBA180A054}"
EndProject
Global
	GlobalSection(SolutionConfigurationPlatforms) = preSolution
		Debug|Any CPU = Debug|Any CPU
		Release|Any CPU = Release|Any CPU
	EndGlobalSection
	GlobalSection(ProjectConfigurationPlatforms) = postSolution
		{7135447F-F86F-4B87-B5EF-21DBA180A054}.Debug|Any CPU.ActiveCfg = Debug|Any CPU
		{7135447F-F86F-4B87-B5EF-21DBA180A054}.Debug|Any CPU.Build.0 = Debug|Any CPU
		{7135447F-F86F-4B87-B5EF-21DBA180A054}.Release|Any CPU.ActiveCfg = Release|Any CPU
		{7135447F-F86F-4B87-B5EF-21DBA180A054}.Release|Any CPU.Build.0 = Release|Any CPU
	EndGlobalSection
	GlobalSection(SolutionProperties) = preSolution
		HideSolutionNode = FALSE
	EndGlobalSection
	GlobalSection(ExtensibilityGlobals) = postSolution
		SolutionGuid = {CEC86FB5-8F27-427B-884E-8A2440F2FBB1}
	EndGlobalSection
EndGlobal
